# THIS IS AN AUTOGENERATED FILE. DO NOT EDIT THIS FILE DIRECTLY.
# yarn lockfile v1


tsc@^2.0.4:
  version "2.0.4"
  resolved "http://registry.npm.release.ctripcorp.com/tsc/download/tsc-2.0.4.tgz#5f6499146abea5dca4420b451fa4f2f9345238f5"
  integrity sha1-X2SZFGq+pdykQgtFH6Ty+TRSOPU=

typescript@^5.3.3:
  version "5.3.3"
  resolved "http://registry.npm.release.ctripcorp.com/typescript/download/typescript-5.3.3.tgz#b3ce6ba258e72e6305ba66f5c9b452aaee3ffe37"
  integrity sha1-s85roljnLmMFumb1ybRSqu4//jc=
